
Microsoft Visual Studio Solution File, Format Version 12.00
Project("{FAE04EC0-301F-11D3-BF4B-00C04F79EFBC}") = "Biased Standings", "Biased Standings\Biased Standings.csproj", "{39F2779E-17B9-4AD1-AB2F-64566E148CB6}"
EndProject
Project("{FAE04EC0-301F-11D3-BF4B-00C04F79EFBC}") = "Natrij", "Natrij\Natrij.csproj", "{5CAC7CC9-8781-4BB3-B8C1-6CA9D7E13B56}"
EndProject
Project("{FAE04EC0-301F-11D3-BF4B-00C04F79EFBC}") = "Get Shorty", "Get Shorty\Get Shorty.csproj", "{6745BB3A-24A4-4185-8EE5-6194A66ACF1C}"
EndProject
Global
	GlobalSection(SolutionConfigurationPlatforms) = preSolution
		Debug|Any CPU = Debug|Any CPU
		Release|Any CPU = Release|Any CPU
	EndGlobalSection
	GlobalSection(ProjectConfigurationPlatforms) = postSolution
		{39F2779E-17B9-4AD1-AB2F-64566E148CB6}.Debug|Any CPU.ActiveCfg = Debug|Any CPU
		{39F2779E-17B9-4AD1-AB2F-64566E148CB6}.Debug|Any CPU.Build.0 = Debug|Any CPU
		{39F2779E-17B9-4AD1-AB2F-64566E148CB6}.Release|Any CPU.ActiveCfg = Release|Any CPU
		{39F2779E-17B9-4AD1-AB2F-64566E148CB6}.Release|Any CPU.Build.0 = Release|Any CPU
		{5CAC7CC9-8781-4BB3-B8C1-6CA9D7E13B56}.Debug|Any CPU.ActiveCfg = Debug|Any CPU
		{5CAC7CC9-8781-4BB3-B8C1-6CA9D7E13B56}.Debug|Any CPU.Build.0 = Debug|Any CPU
		{5CAC7CC9-8781-4BB3-B8C1-6CA9D7E13B56}.Release|Any CPU.ActiveCfg = Release|Any CPU
		{5CAC7CC9-8781-4BB3-B8C1-6CA9D7E13B56}.Release|Any CPU.Build.0 = Release|Any CPU
		{6745BB3A-24A4-4185-8EE5-6194A66ACF1C}.Debug|Any CPU.ActiveCfg = Debug|Any CPU
		{6745BB3A-24A4-4185-8EE5-6194A66ACF1C}.Debug|Any CPU.Build.0 = Debug|Any CPU
		{6745BB3A-24A4-4185-8EE5-6194A66ACF1C}.Release|Any CPU.ActiveCfg = Release|Any CPU
		{6745BB3A-24A4-4185-8EE5-6194A66ACF1C}.Release|Any CPU.Build.0 = Release|Any CPU
	EndGlobalSection
EndGlobal
